
Microsoft Visual Studio Solution File, Format Version 12.00
# Visual Studio 15
VisualStudioVersion = 15.0.27004.2010
MinimumVisualStudioVersion = 10.0.40219.1
Project("{FAE04EC0-301F-11D3-BF4B-00C04F79EFBC}") = "Nomineer een leverancier", "Nomineer een leverancier\Nomineer een leverancier.csproj", "{766C050B-B266-42EC-8276-6B5BDE27C555}"
EndProject
Global
	GlobalSection(SolutionConfigurationPlatforms) = preSolution
		Debug|Any CPU = Debug|Any CPU
		Release|Any CPU = Release|Any CPU
	EndGlobalSection
	GlobalSection(ProjectConfigurationPlatforms) = postSolution
		{766C050B-B266-42EC-8276-6B5BDE27C555}.Debug|Any CPU.ActiveCfg = Debug|Any CPU
		{766C050B-B266-42EC-8276-6B5BDE27C555}.Debug|Any CPU.Build.0 = Debug|Any CPU
		{766C050B-B266-42EC-8276-6B5BDE27C555}.Release|Any CPU.ActiveCfg = Release|Any CPU
		{766C050B-B266-42EC-8276-6B5BDE27C555}.Release|Any CPU.Build.0 = Release|Any CPU
	EndGlobalSection
	GlobalSection(SolutionProperties) = preSolution
		HideSolutionNode = FALSE
	EndGlobalSection
	GlobalSection(ExtensibilityGlobals) = postSolution
		SolutionGuid = {7BA9FC61-0030-401E-98E4-61DDAF4FC371}
	EndGlobalSection
EndGlobal
